<?xml version="1.0" encoding="UTF-8" standalone="yes" ?>
<CodeBlocks_project_file>
	<FileVersion major="1" minor="6" />
	<Project>
		<Option title="txjprotocol_KJJson_new" />
		<Option pch_mode="2" />
		<Option compiler="two_serial_of_arm_gcc_compiler" />
		<Build>
			<Target title="Debug">
				<Option output="bin/Debug/txjprotocol_KJJson" prefix_auto="0" extension_auto="1" />
				<Option object_output="obj/Debug/" />
				<Option type="3" />
				<Option compiler="four_gnu_gcc_compiler" />
				<Option createDefFile="1" />
				<Option createStaticLib="1" />
				<Option projectLibDirsRelation="-1" />
				<Compiler>
					<Add option="-fPIC" />
					<Add option="-g" />
					<Add option="-std=c++11" />
					<Add option="-fexec-charset=UTF-8" />
					<Add option="-finput-charset=UTF-8" />
					<Add directory="include" />
					<Add directory="../../includes" />
				</Compiler>
				<MakeCommands>
					<Build command="" />
					<CompileFile command="" />
					<Clean command="" />
					<DistClean command="" />
					<AskRebuildNeeded command="" />
					<SilentBuild command=" &gt; $(CMD_NULL)" />
				</MakeCommands>
			</Target>
			<Target title="Release">
				<Option output="bin/Release/libtxjprotocol_KJJson" prefix_auto="1" extension_auto="1" />
				<Option object_output="obj/Release/" />
				<Option type="3" />
				<Option compiler="two_serial_of_arm_gcc_compiler" />
				<Option createDefFile="1" />
				<Option createStaticLib="1" />
				<Compiler>
					<Add option="-O2" />
					<Add directory="include" />
				</Compiler>
				<Linker>
					<Add option="-s" />
				</Linker>
			</Target>
		</Build>
		<Compiler>
			<Add option="-Wall" />
			<Add option="-fexceptions" />
		</Compiler>
		<Unit filename="include/CKJJSON.h" />
		<Unit filename="include/cJSON.h" />
		<Unit filename="main.cpp" />
		<Unit filename="src/CKJJSON.cpp" />
		<Unit filename="src/cJSON.c">
			<Option compilerVar="CC" />
		</Unit>
		<Extensions>
			<code_completion />
			<envvars />
			<debugger />
			<lib_finder disable_auto="1" />
		</Extensions>
	</Project>
</CodeBlocks_project_file>
