<?xml version="1.0" encoding="UTF-8" standalone="yes" ?>
<CodeBlocks_project_file>
	<FileVersion major="1" minor="6" />
	<Project>
		<Option title="txjprotocoldl645_1997_zhu" />
		<Option pch_mode="2" />
		<Option compiler="linaro_arm_gcc_compiler" />
		<Build>
			<Target title="Debug">
				<Option output="Debug/txjprotocoldl645_1997_zhu" prefix_auto="0" extension_auto="1" />
				<Option object_output="obj/Debug/" />
				<Option type="3" />
				<Option compiler="four_gnu_gcc_compiler" />
				<Option createDefFile="1" />
				<Option createStaticLib="1" />
				<Option projectLinkerOptionsRelation="-1" />
				<Option projectLibDirsRelation="-1" />
				<Compiler>
					<Add option="-fPIC" />
					<Add directory="include" />
					<Add directory="../../includes" />
				</Compiler>
				<MakeCommands>
					<Build command="" />
					<CompileFile command="" />
					<Clean command="" />
					<DistClean command="" />
					<AskRebuildNeeded command="" />
					<SilentBuild command=" &gt; $(CMD_NULL)" />
				</MakeCommands>
			</Target>
			<Target title="Release">
				<Option output="../../build/txj_linux/protocols/libtxjprotocoldl645_1997_zhu" prefix_auto="1" extension_auto="1" />
				<Option object_output="obj/Release/" />
				<Option type="3" />
				<Option compiler="nuvoton_gnu_gcc_compiler_for_arm" />
				<Option createDefFile="1" />
				<Option createStaticLib="1" />
				<Compiler>
					<Add option="-Wall" />
					<Add option="-fPIC" />
					<Add directory="include" />
					<Add directory="../../includes" />
				</Compiler>
				<Linker>
					<Add option="-s" />
				</Linker>
			</Target>
		</Build>
		<Compiler>
			<Add option="-Wall" />
			<Add option="-fPIC" />
			<Add directory="include" />
			<Add directory="../../includes" />
		</Compiler>
		<Linker>
			<Add option="-s" />
		</Linker>
		<Unit filename="include/DL645.h" />
		<Unit filename="main.cpp" />
		<Unit filename="src/DL645.cpp" />
		<Extensions>
			<code_completion />
			<debugger />
			<envvars />
		</Extensions>
	</Project>
</CodeBlocks_project_file>
