<?xml version="1.0" encoding="UTF-8" standalone="yes" ?>
<CodeBlocks_project_file>
	<FileVersion major="1" minor="6" />
	<Project>
		<Option title="txjprotocolmodbus_zxsf_tempdev" />
		<Option pch_mode="2" />
		<Option compiler="linaro_arm_gcc_compiler" />
		<Build>
			<Target title="Debug">
				<Option output="bin/Debug/libtxjprotocolmodbus_zxsf_tempdev" prefix_auto="1" extension_auto="1" />
				<Option object_output="obj/Debug/" />
				<Option type="3" />
				<Option compiler="linaro_arm_gcc_compiler" />
				<Option createDefFile="1" />
				<Option createStaticLib="1" />
			</Target>
			<Target title="Release">
				<Option output="bin/Release/libtxjprotocolmodbus_zxsf_tempdev" prefix_auto="1" extension_auto="1" />
				<Option object_output="obj/Release/" />
				<Option type="3" />
				<Option compiler="linaro_arm_gcc_compiler" />
				<Option createDefFile="1" />
				<Option createStaticLib="1" />
			</Target>
		</Build>
		<Unit filename="main.c">
			<Option compilerVar="CC" />
		</Unit>
		<Extensions>
			<code_completion />
			<debugger />
		</Extensions>
	</Project>
</CodeBlocks_project_file>
