<?xml version="1.0" encoding="UTF-8" standalone="yes" ?>
<CodeBlocks_project_file>
	<FileVersion major="1" minor="6" />
	<Project>
		<Option title="txjprotocolmodbusrtu_pump" />
		<Option pch_mode="2" />
		<Option compiler="linaro_arm_gcc_compiler" />
		<Build>
			<Target title="Debug">
				<Option output="../../build/txj_linux/protocols/txjprotocolmodbusrtu_pump" prefix_auto="1" extension_auto="1" />
				<Option object_output="obj/Debug/" />
				<Option type="3" />
				<Option compiler="linaro_arm_gcc_compiler" />
				<Option createDefFile="1" />
				<Option createStaticLib="1" />
				<Compiler>
					<Add option="-Wall" />
					<Add option="-fPIC" />
					<Add directory="include" />
					<Add directory="../../includes" />
				</Compiler>
			</Target>
			<Target title="Release">
				<Option output="bin/Release/libtxjprotocolmodbusrtu_pump" prefix_auto="1" extension_auto="1" />
				<Option object_output="obj/Release/" />
				<Option type="3" />
				<Option compiler="linaro_arm_gcc_compiler" />
				<Option createDefFile="1" />
				<Option createStaticLib="1" />
			</Target>
		</Build>
		<Unit filename="include/CModbusRTU.h" />
		<Unit filename="include/Debug.h" />
		<Unit filename="main.cpp" />
		<Unit filename="src/CModbusRTU.cpp" />
		<Extensions>
			<code_completion />
			<debugger />
		</Extensions>
	</Project>
</CodeBlocks_project_file>
