<?xml version="1.0" encoding="UTF-8" standalone="yes" ?>
<CodeBlocks_project_file>
	<FileVersion major="1" minor="6" />
	<Project>
		<Option title="txjCPU_FlowmeterV1_0" />
		<Option pch_mode="2" />
		<Option compiler="linaro_arm_gcc_compiler" />
		<Build>
			<Target title="Debug">
				<Option output="bin/Debug/txjCPU_FlowmeterV1_0" prefix_auto="0" extension_auto="1" />
				<Option object_output="obj/Debug/" />
				<Option type="3" />
				<Option compiler="nuvoton_gnu_gcc_compiler_for_arm" />
				<Option createDefFile="1" />
				<Option createStaticLib="1" />
				<Option projectCompilerOptionsRelation="0" />
				<Option projectLinkerOptionsRelation="0" />
				<Option projectResourceIncludeDirsRelation="0" />
				<Option projectLibDirsRelation="0" />
				<Compiler>
					<Add option="-g" />
					<Add option="-fPIC" />
					<Add directory="include" />
					<Add directory="../../includes" />
				</Compiler>
				<MakeCommands>
					<Build command="" />
					<CompileFile command="" />
					<Clean command="" />
					<DistClean command="" />
					<AskRebuildNeeded command="" />
					<SilentBuild command=" &gt; $(CMD_NULL)" />
				</MakeCommands>
			</Target>
			<Target title="Release">
				<Option output="bin/Release/libtxjCPU_FlowmeterV1_0" prefix_auto="1" extension_auto="1" />
				<Option object_output="obj/Release/" />
				<Option type="3" />
				<Option compiler="linaro_arm_gcc_compiler" />
				<Option createDefFile="1" />
				<Option createStaticLib="1" />
				<Compiler>
					<Add option="-O2" />
					<Add directory="include" />
				</Compiler>
				<Linker>
					<Add option="-s" />
				</Linker>
			</Target>
		</Build>
		<Compiler>
			<Add option="-g" />
			<Add option="-fexceptions" />
		</Compiler>
		<Unit filename="include/CPU_flowmeter.h" />
		<Unit filename="main.cpp" />
		<Unit filename="src/CPU_flowmeter.cpp" />
		<Extensions>
			<code_completion />
			<debugger />
		</Extensions>
	</Project>
</CodeBlocks_project_file>
