<?xml version="1.0" encoding="UTF-8" standalone="yes" ?>
<CodeBlocks_project_file>
	<FileVersion major="1" minor="6" />
	<Project>
		<Option title="txjprotocoldl645_2007_zhu" />
		<Option pch_mode="2" />
		<Option compiler="linaro_arm_gcc_compiler" />
		<Build>
			<Target title="Debug">
				<Option output="bin/Debug/txjprotocoldl645_2007_zhu" prefix_auto="1" extension_auto="1" />
				<Option object_output="obj/Debug/" />
				<Option type="3" />
				<Option compiler="linaro_arm_gcc_compiler" />
				<Option createDefFile="1" />
				<Option createStaticLib="1" />
				<Compiler>
					<Add option="-Wall" />
					<Add option="-g" />
					<Add option="-fPIC" />
					<Add directory="include" />
					<Add directory="../../includes" />
				</Compiler>
			</Target>
			<Target title="Release">
				<Option output="../../build/txj_linux/protocols/txjprotocoldl645_2007_zhu" prefix_auto="1" extension_auto="1" />
				<Option object_output="obj/Release/" />
				<Option type="3" />
				<Option compiler="linaro_arm_gcc_compiler" />
				<Option createDefFile="1" />
				<Option createStaticLib="1" />
				<Compiler>
					<Add option="-fPIC" />
					<Add directory="include" />
					<Add directory="../../includes" />
				</Compiler>
				<Linker>
					<Add option="-s" />
				</Linker>
			</Target>
		</Build>
		<Unit filename="include/DL645.h" />
		<Unit filename="main.cpp" />
		<Unit filename="src/DL645.cpp" />
		<Extensions>
			<code_completion />
			<debugger />
		</Extensions>
	</Project>
</CodeBlocks_project_file>
